
Microsoft Visual Studio Solution File, Format Version 12.00
# Visual Studio Version 17
VisualStudioVersion = 17.5.002.0
MinimumVisualStudioVersion = 10.0.40219.1
Project("{9A19103F-16F7-4668-BE54-9A1E7A4F7556}") = "API", "API\API.csproj", "{859C938C-F82F-4438-831D-95C7D4A7F018}"
EndProject
Project("{FAE04EC0-301F-11D3-BF4B-00C04F79EFBC}") = "LoadBalancer", "LoadBalancer\LoadBalancer.csproj", "{6794B674-2DA9-49C3-A8EC-26B7CCD4C799}"
EndProject
Global
	GlobalSection(SolutionConfigurationPlatforms) = preSolution
		Debug|Any CPU = Debug|Any CPU
		Release|Any CPU = Release|Any CPU
	EndGlobalSection
	GlobalSection(ProjectConfigurationPlatforms) = postSolution
		{859C938C-F82F-4438-831D-95C7D4A7F018}.Debug|Any CPU.ActiveCfg = Debug|Any CPU
		{859C938C-F82F-4438-831D-95C7D4A7F018}.Debug|Any CPU.Build.0 = Debug|Any CPU
		{859C938C-F82F-4438-831D-95C7D4A7F018}.Release|Any CPU.ActiveCfg = Release|Any CPU
		{859C938C-F82F-4438-831D-95C7D4A7F018}.Release|Any CPU.Build.0 = Release|Any CPU
		{6794B674-2DA9-49C3-A8EC-26B7CCD4C799}.Debug|Any CPU.ActiveCfg = Debug|Any CPU
		{6794B674-2DA9-49C3-A8EC-26B7CCD4C799}.Debug|Any CPU.Build.0 = Debug|Any CPU
		{6794B674-2DA9-49C3-A8EC-26B7CCD4C799}.Release|Any CPU.ActiveCfg = Release|Any CPU
		{6794B674-2DA9-49C3-A8EC-26B7CCD4C799}.Release|Any CPU.Build.0 = Release|Any CPU
	EndGlobalSection
	GlobalSection(SolutionProperties) = preSolution
		HideSolutionNode = FALSE
	EndGlobalSection
	GlobalSection(ExtensibilityGlobals) = postSolution
		SolutionGuid = {66EB668B-DCCE-41A6-B952-57CDDD399778}
	EndGlobalSection
EndGlobal
